// !$*UTF8*$!
{
	archiveVersion = 1;
	classes = {
	};
	objectVersion = 46;
	objects = {

/* Begin PBXBuildFile section */
		B50816DE1AF11DA000BA225D /* AppDelegate.swift in Sources */ = {isa = PBXBuildFile; fileRef = B50816DD1AF11DA000BA225D /* AppDelegate.swift */; };
		B50816E01AF11DA000BA225D /* ViewController.swift in Sources */ = {isa = PBXBuildFile; fileRef = B50816DF1AF11DA000BA225D /* ViewController.swift */; };
		B50816E31AF11DA000BA225D /* Main.storyboard in Resources */ = {isa = PBXBuildFile; fileRef = B50816E11AF11DA000BA225D /* Main.storyboard */; };
		B50816E51AF11DA000BA225D /* Images.xcassets in Resources */ = {isa = PBXBuildFile; fileRef = B50816E41AF11DA000BA225D /* Images.xcassets */; };
		B50816E81AF11DA000BA225D /* LaunchScreen.xib in Resources */ = {isa = PBXBuildFile; fileRef = B50816E61AF11DA000BA225D /* LaunchScreen.xib */; };
		B50816F41AF11DA000BA225D /* LetterIndemnityTests.swift in Sources */ = {isa = PBXBuildFile; fileRef = B50816F31AF11DA000BA225D /* LetterIndemnityTests.swift */; };
/* End PBXBuildFile section */

/* Begin PBXContainerItemProxy section */
		B50816EE1AF11DA000BA225D /* PBXContainerItemProxy */ = {
			isa = PBXContainerItemProxy;
			containerPortal = B50816D01AF11DA000BA225D /* Project object */;
			proxyType = 1;
			remoteGlobalIDString = B50816D71AF11DA000BA225D;
			remoteInfo = LetterIndemnity;
		};
/* End PBXContainerItemProxy section */

/* Begin PBXFileReference section */
		B50816D81AF11DA000BA225D /* LetterIndemnity.app */ = {isa = PBXFileReference; explicitFileType = wrapper.application; includeInIndex = 0; path = LetterIndemnity.app; sourceTree = BUILT_PRODUCTS_DIR; };
		B50816DC1AF11DA000BA225D /* Info.plist */ = {isa = PBXFileReference; lastKnownFileType = text.plist.xml; path = Info.plist; sourceTree = "<group>"; };
		B50816DD1AF11DA000BA225D /* AppDelegate.swift */ = {isa = PBXFileReference; lastKnownFileType = sourcecode.swift; path = AppDelegate.swift; sourceTree = "<group>"; };
		B50816DF1AF11DA000BA225D /* ViewController.swift */ = {isa = PBXFileReference; lastKnownFileType = sourcecode.swift; path = ViewController.swift; sourceTree = "<group>"; };
		B50816E21AF11DA000BA225D /* Base */ = {isa = PBXFileReference; lastKnownFileType = file.storyboard; name = Base; path = Base.lproj/Main.storyboard; sourceTree = "<group>"; };
		B50816E41AF11DA000BA225D /* Images.xcassets */ = {isa = PBXFileReference; lastKnownFileType = folder.assetcatalog; path = Images.xcassets; sourceTree = "<group>"; };
		B50816E71AF11DA000BA225D /* Base */ = {isa = PBXFileReference; lastKnownFileType = file.xib; name = Base; path = Base.lproj/LaunchScreen.xib; sourceTree = "<group>"; };
		B50816ED1AF11DA000BA225D /* LetterIndemnityTests.xctest */ = {isa = PBXFileReference; explicitFileType = wrapper.cfbundle; includeInIndex = 0; path = LetterIndemnityTests.xctest; sourceTree = BUILT_PRODUCTS_DIR; };
		B50816F21AF11DA000BA225D /* Info.plist */ = {isa = PBXFileReference; lastKnownFileType = text.plist.xml; path = Info.plist; sourceTree = "<group>"; };
		B50816F31AF11DA000BA225D /* LetterIndemnityTests.swift */ = {isa = PBXFileReference; lastKnownFileType = sourcecode.swift; path = LetterIndemnityTests.swift; sourceTree = "<group>"; };
/* End PBXFileReference section */

/* Begin PBXFrameworksBuildPhase section */
		B50816D51AF11DA000BA225D /* Frameworks */ = {
			isa = PBXFrameworksBuildPhase;
			buildActionMask = 2147483647;
			files = (
			);
			runOnlyForDeploymentPostprocessing = 0;
		};
		B50816EA1AF11DA000BA225D /* Frameworks */ = {
			isa = PBXFrameworksBuildPhase;
			buildActionMask = 2147483647;
			files = (
			);
			runOnlyForDeploymentPostprocessing = 0;
		};
/* End PBXFrameworksBuildPhase section */

/* Begin PBXGroup section */
		B50816CF1AF11DA000BA225D = {
			isa = PBXGroup;
			children = (
				B50816DA1AF11DA000BA225D /* LetterIndemnity */,
				B50816F01AF11DA000BA225D /* LetterIndemnityTests */,
				B50816D91AF11DA000BA225D /* Products */,
			);
			sourceTree = "<group>";
		};
		B50816D91AF11DA000BA225D /* Products */ = {
			isa = PBXGroup;
			children = (
				B50816D81AF11DA000BA225D /* LetterIndemnity.app */,
				B50816ED1AF11DA000BA225D /* LetterIndemnityTests.xctest */,
			);
			name = Products;
			sourceTree = "<group>";
		};
		B50816DA1AF11DA000BA225D /* LetterIndemnity */ = {
			isa = PBXGroup;
			children = (
				B50816DD1AF11DA000BA225D /* AppDelegate.swift */,
				B50816DF1AF11DA000BA225D /* ViewController.swift */,
				B50816E11AF11DA000BA225D /* Main.storyboard */,
				B50816E41AF11DA000BA225D /* Images.xcassets */,
				B50816E61AF11DA000BA225D /* LaunchScreen.xib */,
				B50816DB1AF11DA000BA225D /* Supporting Files */,
			);
			path = LetterIndemnity;
			sourceTree = "<group>";
		};
		B50816DB1AF11DA000BA225D /* Supporting Files */ = {
			isa = PBXGroup;
			children = (
				B50816DC1AF11DA000BA225D /* Info.plist */,
			);
			name = "Supporting Files";
			sourceTree = "<group>";
		};
		B50816F01AF11DA000BA225D /* LetterIndemnityTests */ = {
			isa = PBXGroup;
			children = (
				B50816F31AF11DA000BA225D /* LetterIndemnityTests.swift */,
				B50816F11AF11DA000BA225D /* Supporting Files */,
			);
			path = LetterIndemnityTests;
			sourceTree = "<group>";
		};
		B50816F11AF11DA000BA225D /* Supporting Files */ = {
			isa = PBXGroup;
			children = (
				B50816F21AF11DA000BA225D /* Info.plist */,
			);
			name = "Supporting Files";
			sourceTree = "<group>";
		};
/* End PBXGroup section */

/* Begin PBXNativeTarget section */
		B50816D71AF11DA000BA225D /* LetterIndemnity */ = {
			isa = PBXNativeTarget;
			buildConfigurationList = B50816F71AF11DA000BA225D /* Build configuration list for PBXNativeTarget "LetterIndemnity" */;
			buildPhases = (
				B50816D41AF11DA000BA225D /* Sources */,
				B50816D51AF11DA000BA225D /* Frameworks */,
				B50816D61AF11DA000BA225D /* Resources */,
			);
			buildRules = (
			);
			dependencies = (
			);
			name = LetterIndemnity;
			productName = LetterIndemnity;
			productReference = B50816D81AF11DA000BA225D /* LetterIndemnity.app */;
			productType = "com.apple.product-type.application";
		};
		B50816EC1AF11DA000BA225D /* LetterIndemnityTests */ = {
			isa = PBXNativeTarget;
			buildConfigurationList = B50816FA1AF11DA000BA225D /* Build configuration list for PBXNativeTarget "LetterIndemnityTests" */;
			buildPhases = (
				B50816E91AF11DA000BA225D /* Sources */,
				B50816EA1AF11DA000BA225D /* Frameworks */,
				B50816EB1AF11DA000BA225D /* Resources */,
			);
			buildRules = (
			);
			dependencies = (
				B50816EF1AF11DA000BA225D /* PBXTargetDependency */,
			);
			name = LetterIndemnityTests;
			productName = LetterIndemnityTests;
			productReference = B50816ED1AF11DA000BA225D /* LetterIndemnityTests.xctest */;
			productType = "com.apple.product-type.bundle.unit-test";
		};
/* End PBXNativeTarget section */

/* Begin PBXProject section */
		B50816D01AF11DA000BA225D /* Project object */ = {
			isa = PBXProject;
			attributes = {
				LastUpgradeCheck = 0630;
				ORGANIZATIONNAME = "Suchart Jaturasathienchai";
				TargetAttributes = {
					B50816D71AF11DA000BA225D = {
						CreatedOnToolsVersion = 6.3.1;
					};
					B50816EC1AF11DA000BA225D = {
						CreatedOnToolsVersion = 6.3.1;
						TestTargetID = B50816D71AF11DA000BA225D;
					};
				};
			};
			buildConfigurationList = B50816D31AF11DA000BA225D /* Build configuration list for PBXProject "LetterIndemnity" */;
			compatibilityVersion = "Xcode 3.2";
			developmentRegion = English;
			hasScannedForEncodings = 0;
			knownRegions = (
				en,
				Base,
			);
			mainGroup = B50816CF1AF11DA000BA225D;
			productRefGroup = B50816D91AF11DA000BA225D /* Products */;
			projectDirPath = "";
			projectRoot = "";
			targets = (
				B50816D71AF11DA000BA225D /* LetterIndemnity */,
				B50816EC1AF11DA000BA225D /* LetterIndemnityTests */,
			);
		};
/* End PBXProject section */

/* Begin PBXResourcesBuildPhase section */
		B50816D61AF11DA000BA225D /* Resources */ = {
			isa = PBXResourcesBuildPhase;
			buildActionMask = 2147483647;
			files = (
				B50816E31AF11DA000BA225D /* Main.storyboard in Resources */,
				B50816E81AF11DA000BA225D /* LaunchScreen.xib in Resources */,
				B50816E51AF11DA000BA225D /* Images.xcassets in Resources */,
			);
			runOnlyForDeploymentPostprocessing = 0;
		};
		B50816EB1AF11DA000BA225D /* Resources */ = {
			isa = PBXResourcesBuildPhase;
			buildActionMask = 2147483647;
			files = (
			);
			runOnlyForDeploymentPostprocessing = 0;
		};
/* End PBXResourcesBuildPhase section */

/* Begin PBXSourcesBuildPhase section */
		B50816D41AF11DA000BA225D /* Sources */ = {
			isa = PBXSourcesBuildPhase;
			buildActionMask = 2147483647;
			files = (
				B50816E01AF11DA000BA225D /* ViewController.swift in Sources */,
				B50816DE1AF11DA000BA225D /* AppDelegate.swift in Sources */,
			);
			runOnlyForDeploymentPostprocessing = 0;
		};
		B50816E91AF11DA000BA225D /* Sources */ = {
			isa = PBXSourcesBuildPhase;
			buildActionMask = 2147483647;
			files = (
				B50816F41AF11DA000BA225D /* LetterIndemnityTests.swift in Sources */,
			);
			runOnlyForDeploymentPostprocessing = 0;
		};
/* End PBXSourcesBuildPhase section */

/* Begin PBXTargetDependency section */
		B50816EF1AF11DA000BA225D /* PBXTargetDependency */ = {
			isa = PBXTargetDependency;
			target = B50816D71AF11DA000BA225D /* LetterIndemnity */;
			targetProxy = B50816EE1AF11DA000BA225D /* PBXContainerItemProxy */;
		};
/* End PBXTargetDependency section */

/* Begin PBXVariantGroup section */
		B50816E11AF11DA000BA225D /* Main.storyboard */ = {
			isa = PBXVariantGroup;
			children = (
				B50816E21AF11DA000BA225D /* Base */,
			);
			name = Main.storyboard;
			sourceTree = "<group>";
		};
		B50816E61AF11DA000BA225D /* LaunchScreen.xib */ = {
			isa = PBXVariantGroup;
			children = (
				B50816E71AF11DA000BA225D /* Base */,
			);
			name = LaunchScreen.xib;
			sourceTree = "<group>";
		};
/* End PBXVariantGroup section */

/* Begin XCBuildConfiguration section */
		B50816F51AF11DA000BA225D /* Debug */ = {
			isa = XCBuildConfiguration;
			buildSettings = {
				ALWAYS_SEARCH_USER_PATHS = NO;
				CLANG_CXX_LANGUAGE_STANDARD = "gnu++0x";
				CLANG_CXX_LIBRARY = "libc++";
				CLANG_ENABLE_MODULES = YES;
				CLANG_ENABLE_OBJC_ARC = YES;
				CLANG_WARN_BOOL_CONVERSION = YES;
				CLANG_WARN_CONSTANT_CONVERSION = YES;
				CLANG_WARN_DIRECT_OBJC_ISA_USAGE = YES_ERROR;
				CLANG_WARN_EMPTY_BODY = YES;
				CLANG_WARN_ENUM_CONVERSION = YES;
				CLANG_WARN_INT_CONVERSION = YES;
				CLANG_WARN_OBJC_ROOT_CLASS = YES_ERROR;
				CLANG_WARN_UNREACHABLE_CODE = YES;
				CLANG_WARN__DUPLICATE_METHOD_MATCH = YES;
				"CODE_SIGN_IDENTITY[sdk=iphoneos*]" = "iPhone Developer";
				COPY_PHASE_STRIP = NO;
				DEBUG_INFORMATION_FORMAT = "dwarf-with-dsym";
				ENABLE_STRICT_OBJC_MSGSEND = YES;
				GCC_C_LANGUAGE_STANDARD = gnu99;
				GCC_DYNAMIC_NO_PIC = NO;
				GCC_NO_COMMON_BLOCKS = YES;
				GCC_OPTIMIZATION_LEVEL = 0;
				GCC_PREPROCESSOR_DEFINITIONS = (
					"DEBUG=1",
					"$(inherited)",
				);
				GCC_SYMBOLS_PRIVATE_EXTERN = NO;
				GCC_WARN_64_TO_32_BIT_CONVERSION = YES;
				GCC_WARN_ABOUT_RETURN_TYPE = YES_ERROR;
				GCC_WARN_UNDECLARED_SELECTOR = YES;
				GCC_WARN_UNINITIALIZED_AUTOS = YES_AGGRESSIVE;
				GCC_WARN_UNUSED_FUNCTION = YES;
				GCC_WARN_UNUSED_VARIABLE = YES;
				IPHONEOS_DEPLOYMENT_TARGET = 8.3;
				MTL_ENABLE_DEBUG_INFO = YES;
				ONLY_ACTIVE_ARCH = YES;
				SDKROOT = iphoneos;
				SWIFT_OPTIMIZATION_LEVEL = "-Onone";
			};
			name = Debug;
		};
		B50816F61AF11DA000BA225D /* Release */ = {
			isa = XCBuildConfiguration;
			buildSettings = {
				ALWAYS_SEARCH_USER_PATHS = NO;
				CLANG_CXX_LANGUAGE_STANDARD = "gnu++0x";
				CLANG_CXX_LIBRARY = "libc++";
				CLANG_ENABLE_MODULES = YES;
				CLANG_ENABLE_OBJC_ARC = YES;
				CLANG_WARN_BOOL_CONVERSION = YES;
				CLANG_WARN_CONSTANT_CONVERSION = YES;
				CLANG_WARN_DIRECT_OBJC_ISA_USAGE = YES_ERROR;
				CLANG_WARN_EMPTY_BODY = YES;
				CLANG_WARN_ENUM_CONVERSION = YES;
				CLANG_WARN_INT_CONVERSION = YES;
				CLANG_WARN_OBJC_ROOT_CLASS = YES_ERROR;
				CLANG_WARN_UNREACHABLE_CODE = YES;
				CLANG_WARN__DUPLICATE_METHOD_MATCH = YES;
				"CODE_SIGN_IDENTITY[sdk=iphoneos*]" = "iPhone Developer";
				COPY_PHASE_STRIP = NO;
				DEBUG_INFORMATION_FORMAT = "dwarf-with-dsym";
				ENABLE_NS_ASSERTIONS = NO;
				ENABLE_STRICT_OBJC_MSGSEND = YES;
				GCC_C_LANGUAGE_STANDARD = gnu99;
				GCC_NO_COMMON_BLOCKS = YES;
				GCC_WARN_64_TO_32_BIT_CONVERSION = YES;
				GCC_WARN_ABOUT_RETURN_TYPE = YES_ERROR;
				GCC_WARN_UNDECLARED_SELECTOR = YES;
				GCC_WARN_UNINITIALIZED_AUTOS = YES_AGGRESSIVE;
				GCC_WARN_UNUSED_FUNCTION = YES;
				GCC_WARN_UNUSED_VARIABLE = YES;
				IPHONEOS_DEPLOYMENT_TARGET = 8.3;
				MTL_ENABLE_DEBUG_INFO = NO;
				SDKROOT = iphoneos;
				VALIDATE_PRODUCT = YES;
			};
			name = Release;
		};
		B50816F81AF11DA000BA225D /* Debug */ = {
			isa = XCBuildConfiguration;
			buildSettings = {
				ASSETCATALOG_COMPILER_APPICON_NAME = AppIcon;
				INFOPLIST_FILE = LetterIndemnity/Info.plist;
				LD_RUNPATH_SEARCH_PATHS = "$(inherited) @executable_path/Frameworks";
				PRODUCT_NAME = "$(TARGET_NAME)";
			};
			name = Debug;
		};
		B50816F91AF11DA000BA225D /* Release */ = {
			isa = XCBuildConfiguration;
			buildSettings = {
				ASSETCATALOG_COMPILER_APPICON_NAME = AppIcon;
				INFOPLIST_FILE = LetterIndemnity/Info.plist;
				LD_RUNPATH_SEARCH_PATHS = "$(inherited) @executable_path/Frameworks";
				PRODUCT_NAME = "$(TARGET_NAME)";
			};
			name = Release;
		};
		B50816FB1AF11DA000BA225D /* Debug */ = {
			isa = XCBuildConfiguration;
			buildSettings = {
				BUNDLE_LOADER = "$(TEST_HOST)";
				FRAMEWORK_SEARCH_PATHS = (
					"$(SDKROOT)/Developer/Library/Frameworks",
					"$(inherited)",
				);
				GCC_PREPROCESSOR_DEFINITIONS = (
					"DEBUG=1",
					"$(inherited)",
				);
				INFOPLIST_FILE = LetterIndemnityTests/Info.plist;
				LD_RUNPATH_SEARCH_PATHS = "$(inherited) @executable_path/Frameworks @loader_path/Frameworks";
				PRODUCT_NAME = "$(TARGET_NAME)";
				TEST_HOST = "$(BUILT_PRODUCTS_DIR)/LetterIndemnity.app/LetterIndemnity";
			};
			name = Debug;
		};
		B50816FC1AF11DA000BA225D /* Release */ = {
			isa = XCBuildConfiguration;
			buildSettings = {
				BUNDLE_LOADER = "$(TEST_HOST)";
				FRAMEWORK_SEARCH_PATHS = (
					"$(SDKROOT)/Developer/Library/Frameworks",
					"$(inherited)",
				);
				INFOPLIST_FILE = LetterIndemnityTests/Info.plist;
				LD_RUNPATH_SEARCH_PATHS = "$(inherited) @executable_path/Frameworks @loader_path/Frameworks";
				PRODUCT_NAME = "$(TARGET_NAME)";
				TEST_HOST = "$(BUILT_PRODUCTS_DIR)/LetterIndemnity.app/LetterIndemnity";
			};
			name = Release;
		};
/* End XCBuildConfiguration section */

/* Begin XCConfigurationList section */
		B50816D31AF11DA000BA225D /* Build configuration list for PBXProject "LetterIndemnity" */ = {
			isa = XCConfigurationList;
			buildConfigurations = (
				B50816F51AF11DA000BA225D /* Debug */,
				B50816F61AF11DA000BA225D /* Release */,
			);
			defaultConfigurationIsVisible = 0;
			defaultConfigurationName = Release;
		};
		B50816F71AF11DA000BA225D /* Build configuration list for PBXNativeTarget "LetterIndemnity" */ = {
			isa = XCConfigurationList;
			buildConfigurations = (
				B50816F81AF11DA000BA225D /* Debug */,
				B50816F91AF11DA000BA225D /* Release */,
			);
			defaultConfigurationIsVisible = 0;
		};
		B50816FA1AF11DA000BA225D /* Build configuration list for PBXNativeTarget "LetterIndemnityTests" */ = {
			isa = XCConfigurationList;
			buildConfigurations = (
				B50816FB1AF11DA000BA225D /* Debug */,
				B50816FC1AF11DA000BA225D /* Release */,
			);
			defaultConfigurationIsVisible = 0;
		};
/* End XCConfigurationList section */
	};
	rootObject = B50816D01AF11DA000BA225D /* Project object */;
}
